
Microsoft Visual Studio Solution File, Format Version 12.00
# Visual Studio Version 17
VisualStudioVersion = 17.14.36408.4 d17.14
MinimumVisualStudioVersion = 10.0.40219.1
Project("{FAE04EC0-301F-11D3-BF4B-00C04F79EFBC}") = "zellij", "zellij\zellij.csproj", "{EE9DC3ED-79B2-4001-B1A7-57481C992BE9}"
EndProject
Global
	GlobalSection(SolutionConfigurationPlatforms) = preSolution
		Debug|Any CPU = Debug|Any CPU
		Release|Any CPU = Release|Any CPU
	EndGlobalSection
	GlobalSection(ProjectConfigurationPlatforms) = postSolution
		{EE9DC3ED-79B2-4001-B1A7-57481C992BE9}.Debug|Any CPU.ActiveCfg = Debug|Any CPU
		{EE9DC3ED-79B2-4001-B1A7-57481C992BE9}.Debug|Any CPU.Build.0 = Debug|Any CPU
		{EE9DC3ED-79B2-4001-B1A7-57481C992BE9}.Release|Any CPU.ActiveCfg = Release|Any CPU
		{EE9DC3ED-79B2-4001-B1A7-57481C992BE9}.Release|Any CPU.Build.0 = Release|Any CPU
	EndGlobalSection
	GlobalSection(SolutionProperties) = preSolution
		HideSolutionNode = FALSE
	EndGlobalSection
	GlobalSection(ExtensibilityGlobals) = postSolution
		SolutionGuid = {6A61CBC2-2C76-4879-BA63-B2267117C7C7}
	EndGlobalSection
EndGlobal
